
Microsoft Visual Studio Solution File, Format Version 12.00
# Visual Studio Version 17
VisualStudioVersion = 17.7.34031.279
MinimumVisualStudioVersion = 10.0.40219.1
Project("{FAE04EC0-301F-11D3-BF4B-00C04F79EFBC}") = "SpencerProject", "SpencerProject\SpencerProject.csproj", "{7DA1388E-1A3B-44BF-B34C-9470D92FB190}"
EndProject
Global
	GlobalSection(SolutionConfigurationPlatforms) = preSolution
		Debug|Any CPU = Debug|Any CPU
		Release|Any CPU = Release|Any CPU
	EndGlobalSection
	GlobalSection(ProjectConfigurationPlatforms) = postSolution
		{7DA1388E-1A3B-44BF-B34C-9470D92FB190}.Debug|Any CPU.ActiveCfg = Debug|Any CPU
		{7DA1388E-1A3B-44BF-B34C-9470D92FB190}.Debug|Any CPU.Build.0 = Debug|Any CPU
		{7DA1388E-1A3B-44BF-B34C-9470D92FB190}.Release|Any CPU.ActiveCfg = Release|Any CPU
		{7DA1388E-1A3B-44BF-B34C-9470D92FB190}.Release|Any CPU.Build.0 = Release|Any CPU
	EndGlobalSection
	GlobalSection(SolutionProperties) = preSolution
		HideSolutionNode = FALSE
	EndGlobalSection
	GlobalSection(ExtensibilityGlobals) = postSolution
		SolutionGuid = {7CCC73A4-56EF-4FFF-801B-64A8A24EB281}
	EndGlobalSection
EndGlobal
